
Microsoft Visual Studio Solution File, Format Version 12.00
# Visual Studio Version 16
VisualStudioVersion = 16.0.30907.101
MinimumVisualStudioVersion = 10.0.40219.1
Project("{FAE04EC0-301F-11D3-BF4B-00C04F79EFBC}") = "110321Task", "110321Task\110321Task.csproj", "{D0C95A9D-ECBE-4813-AFB4-E38C40F60E48}"
EndProject
Global
	GlobalSection(SolutionConfigurationPlatforms) = preSolution
		Debug|Any CPU = Debug|Any CPU
		Release|Any CPU = Release|Any CPU
	EndGlobalSection
	GlobalSection(ProjectConfigurationPlatforms) = postSolution
		{D0C95A9D-ECBE-4813-AFB4-E38C40F60E48}.Debug|Any CPU.ActiveCfg = Debug|Any CPU
		{D0C95A9D-ECBE-4813-AFB4-E38C40F60E48}.Debug|Any CPU.Build.0 = Debug|Any CPU
		{D0C95A9D-ECBE-4813-AFB4-E38C40F60E48}.Release|Any CPU.ActiveCfg = Release|Any CPU
		{D0C95A9D-ECBE-4813-AFB4-E38C40F60E48}.Release|Any CPU.Build.0 = Release|Any CPU
	EndGlobalSection
	GlobalSection(SolutionProperties) = preSolution
		HideSolutionNode = FALSE
	EndGlobalSection
	GlobalSection(ExtensibilityGlobals) = postSolution
		SolutionGuid = {8C700E4D-140B-4D38-B238-60AB41EE1206}
	EndGlobalSection
EndGlobal
